
Microsoft Visual Studio Solution File, Format Version 12.00
# Visual Studio Version 17
VisualStudioVersion = 17.6.33801.468
MinimumVisualStudioVersion = 10.0.40219.1
Project("{FAE04EC0-301F-11D3-BF4B-00C04F79EFBC}") = "zadatak1_pis", "zadatak1_pis.csproj", "{949A7571-50F2-4A21-9CBB-9667EA521338}"
EndProject
Global
	GlobalSection(SolutionConfigurationPlatforms) = preSolution
		Debug|Any CPU = Debug|Any CPU
		Release|Any CPU = Release|Any CPU
	EndGlobalSection
	GlobalSection(ProjectConfigurationPlatforms) = postSolution
		{949A7571-50F2-4A21-9CBB-9667EA521338}.Debug|Any CPU.ActiveCfg = Debug|Any CPU
		{949A7571-50F2-4A21-9CBB-9667EA521338}.Debug|Any CPU.Build.0 = Debug|Any CPU
		{949A7571-50F2-4A21-9CBB-9667EA521338}.Release|Any CPU.ActiveCfg = Release|Any CPU
		{949A7571-50F2-4A21-9CBB-9667EA521338}.Release|Any CPU.Build.0 = Release|Any CPU
	EndGlobalSection
	GlobalSection(SolutionProperties) = preSolution
		HideSolutionNode = FALSE
	EndGlobalSection
	GlobalSection(ExtensibilityGlobals) = postSolution
		SolutionGuid = {3AD8E56B-BB42-4E6C-A642-90F48EE9C42D}
	EndGlobalSection
EndGlobal
